schema: '2.0'
stages:
  data_collection:
    cmd: python ./src/data/data_collection.py
    deps:
    - path: ./src/data/data_collection.py
      hash: md5
      md5: d133c9bc8e42c696a1c2c8bd70cf3816
      size: 2034
    params:
      params.yaml:
        data_collection.test_size: 0.2
    outs:
    - path: ./data/raw/
      hash: md5
      md5: c0c2d65c14a603e91e029fda3c344a5c.dir
      size: 522262
      nfiles: 2
  pre_processing:
    cmd: python src/data/data_prep.py
    deps:
    - path: data/raw
      hash: md5
      md5: c0c2d65c14a603e91e029fda3c344a5c.dir
      size: 522262
      nfiles: 2
    - path: src/data/data_prep.py
      hash: md5
      md5: 240e58c4d12566f45a4b56db6e95b29e
      size: 1699
    outs:
    - path: data/processed
      hash: md5
      md5: 09d7d1468d5c1e6739769af7e3154438.dir
      size: 546137
      nfiles: 2
  model_building:
    cmd: python src/model/model_building.py
    deps:
    - path: data/processed
      hash: md5
      md5: 09d7d1468d5c1e6739769af7e3154438.dir
      size: 546137
      nfiles: 2
    - path: src/model/model_building.py
      hash: md5
      md5: cf861560d022564379e8ceeba6bc1c04
      size: 2220
    params:
      params.yaml:
        model_building.n_estimators: 1000
    outs:
    - path: models/model.pkl
      hash: md5
      md5: e16c3d9c03bceb790c5f198d81aa2c1c
      size: 73490788
  model_evaluation:
    cmd: python src/model/model_eval.py
    deps:
    - path: models/model.pkl
      hash: md5
      md5: e16c3d9c03bceb790c5f198d81aa2c1c
      size: 73490788
    - path: src/model/model_eval.py
      hash: md5
      md5: c50bced22baceff556226b213248ff67
      size: 2559
    outs:
    - path: reports/metrics.json
      hash: md5
      md5: 581705936539d608cc80c638d72d3cd7
      size: 146
