schema: '2.0'
stages:
  data_collection:
    cmd: python ./src/data/data_collection.py
    deps:
    - path: ./src/data/data_collection.py
      hash: md5
      md5: d97a6dfc5761dc1f80586d94aad158cb
      size: 2030
    params:
      params.yaml:
        data_collection.test_size: 0.2
    outs:
    - path: ./data/raw/
      hash: md5
      md5: c0c2d65c14a603e91e029fda3c344a5c.dir
      size: 522262
      nfiles: 2
  pre_processing:
    cmd: python src/data/data_prep.py
    deps:
    - path: data/raw
      hash: md5
      md5: c0c2d65c14a603e91e029fda3c344a5c.dir
      size: 522262
      nfiles: 2
    - path: src/data/data_prep.py
      hash: md5
      md5: d0ce7aa1379fcae605ee70eb744e876a
      size: 1711
    outs:
    - path: data/processed
      hash: md5
      md5: 09d7d1468d5c1e6739769af7e3154438.dir
      size: 546137
      nfiles: 2
  model_building:
    cmd: python src/model/model_building.py
    deps:
    - path: data/processed
      hash: md5
      md5: 09d7d1468d5c1e6739769af7e3154438.dir
      size: 546137
      nfiles: 2
    - path: src/model/model_building.py
      hash: md5
      md5: 1ced9269c3b5bc7e6305d6c2f0a5bb56
      size: 2190
    params:
      params.yaml:
        model_building.n_estimators: 1000
    outs:
    - path: models/model.pkl
      hash: md5
      md5: 15dfd15aff2742e1abe1d26c9c7b1988
      size: 73658148
  model_evaluation:
    cmd: python src/model/model_eval.py
    deps:
    - path: models/model.pkl
      hash: md5
      md5: 15dfd15aff2742e1abe1d26c9c7b1988
      size: 73658148
    - path: src/model/model_eval.py
      hash: md5
      md5: c50bced22baceff556226b213248ff67
      size: 2559
    outs:
    - path: reports/metrics.json
      hash: md5
      md5: e88b9c730d064fb8f1886a82fc6f9cef
      size: 137
